{
  "requires": true,
  "lockfileVersion": 1,
  "dependencies": {
    "@vue/cli-plugin-vuex": {
      "version": "4.5.15",
      "resolved": "https://registry.npmjs.org/@vue/cli-plugin-vuex/-/cli-plugin-vuex-4.5.15.tgz",
      "integrity": "sha512-fqap+4HN+w+InDxlA3hZTOGE0tzBTgXhKLoDydhywqgmhQ1D9JA6Feh94ze6tG8DsWX58/ujYUqA8jAz17FJtg==",
      "dev": true
    }
  }
}
